
Microsoft Visual Studio Solution File, Format Version 12.00
# Visual Studio Version 17
VisualStudioVersion = 17.14.36301.6 d17.14
MinimumVisualStudioVersion = 10.0.40219.1
Project("{FAE04EC0-301F-11D3-BF4B-00C04F79EFBC}") = "PcbInspection", "PcbInspection.csproj", "{43254100-FB8F-46C9-9237-122752F056F2}"
EndProject
Global
	GlobalSection(SolutionConfigurationPlatforms) = preSolution
		Debug|Any CPU = Debug|Any CPU
		Release|Any CPU = Release|Any CPU
	EndGlobalSection
	GlobalSection(ProjectConfigurationPlatforms) = postSolution
		{43254100-FB8F-46C9-9237-122752F056F2}.Debug|Any CPU.ActiveCfg = Debug|Any CPU
		{43254100-FB8F-46C9-9237-122752F056F2}.Debug|Any CPU.Build.0 = Debug|Any CPU
		{43254100-FB8F-46C9-9237-122752F056F2}.Release|Any CPU.ActiveCfg = Release|Any CPU
		{43254100-FB8F-46C9-9237-122752F056F2}.Release|Any CPU.Build.0 = Release|Any CPU
	EndGlobalSection
	GlobalSection(SolutionProperties) = preSolution
		HideSolutionNode = FALSE
	EndGlobalSection
	GlobalSection(ExtensibilityGlobals) = postSolution
		SolutionGuid = {5EEE6B72-F8D4-49A9-A288-638522356D02}
	EndGlobalSection
EndGlobal
